
Microsoft Visual Studio Solution File, Format Version 11.00
# Visual Studio 2010
Project("{8BC9CEB8-8B4A-11D0-8D11-00A0C91BC942}") = "mdmfastboot", "mdmfastboot\mdmfastboot.vcxproj", "{69D24EE3-01F4-4200-A2BC-44C060FFA997}"
EndProject
Project("{8BC9CEB8-8B4A-11D0-8D11-00A0C91BC942}") = "AdbWinApi", "libs\AdbWinApi\AdbWinApi.vcxproj", "{684F913D-4714-42EA-B3DC-802600048316}"
EndProject
Project("{8BC9CEB8-8B4A-11D0-8D11-00A0C91BC942}") = "AdbWinUsbApi", "libs\AdbWinUsbApi\AdbWinUsbApi.vcxproj", "{BA9608A3-AAE5-45B9-874B-15971CA5926F}"
EndProject
Project("{8BC9CEB8-8B4A-11D0-8D11-00A0C91BC942}") = "GetProfile", "GetProfile\GetProfile.vcxproj", "{C01764DF-3690-4D8E-9D3C-F7BE08BAC90B}"
EndProject
Project("{8BC9CEB8-8B4A-11D0-8D11-00A0C91BC942}") = "ModioLTECase_microSDPatch", "FreeportLiveDeploy\FreeportLiveDeploy.vcxproj", "{6DCC9E97-F827-4547-8F63-27D562DF530F}"
	ProjectSection(ProjectDependencies) = postProject
		{684F913D-4714-42EA-B3DC-802600048316} = {684F913D-4714-42EA-B3DC-802600048316}
		{BA9608A3-AAE5-45B9-874B-15971CA5926F} = {BA9608A3-AAE5-45B9-874B-15971CA5926F}
	EndProjectSection
EndProject
Project("{8BC9CEB8-8B4A-11D0-8D11-00A0C91BC942}") = "deviceswitch", "deviceswitch\deviceswitch.vcxproj", "{0FF38839-DF7A-456C-82D7-CCF87E00C792}"
EndProject
Project("{8BC9CEB8-8B4A-11D0-8D11-00A0C91BC942}") = "install", "autorun\install.vcxproj", "{6691D1CD-9023-46F4-9213-43D4CB91C961}"
EndProject
Project("{8BC9CEB8-8B4A-11D0-8D11-00A0C91BC942}") = "CPEReliabilityTool", "CPEReliabilityTool\CPEReliabilityTool.vcxproj", "{9596C2AC-66B0-4F28-807E-7CFF78717560}"
EndProject
Global
	GlobalSection(SolutionConfigurationPlatforms) = preSolution
		Debug|Win32 = Debug|Win32
		Debug|x64 = Debug|x64
		Release|Win32 = Release|Win32
		Release|x64 = Release|x64
	EndGlobalSection
	GlobalSection(ProjectConfigurationPlatforms) = postSolution
		{69D24EE3-01F4-4200-A2BC-44C060FFA997}.Debug|Win32.ActiveCfg = Debug|Win32
		{69D24EE3-01F4-4200-A2BC-44C060FFA997}.Debug|Win32.Build.0 = Debug|Win32
		{69D24EE3-01F4-4200-A2BC-44C060FFA997}.Debug|x64.ActiveCfg = Debug|x64
		{69D24EE3-01F4-4200-A2BC-44C060FFA997}.Debug|x64.Build.0 = Debug|x64
		{69D24EE3-01F4-4200-A2BC-44C060FFA997}.Release|Win32.ActiveCfg = Release|Win32
		{69D24EE3-01F4-4200-A2BC-44C060FFA997}.Release|Win32.Build.0 = Release|Win32
		{69D24EE3-01F4-4200-A2BC-44C060FFA997}.Release|x64.ActiveCfg = Release|x64
		{69D24EE3-01F4-4200-A2BC-44C060FFA997}.Release|x64.Build.0 = Release|x64
		{684F913D-4714-42EA-B3DC-802600048316}.Debug|Win32.ActiveCfg = Debug|Win32
		{684F913D-4714-42EA-B3DC-802600048316}.Debug|Win32.Build.0 = Debug|Win32
		{684F913D-4714-42EA-B3DC-802600048316}.Debug|x64.ActiveCfg = Debug|x64
		{684F913D-4714-42EA-B3DC-802600048316}.Debug|x64.Build.0 = Debug|x64
		{684F913D-4714-42EA-B3DC-802600048316}.Release|Win32.ActiveCfg = Release|Win32
		{684F913D-4714-42EA-B3DC-802600048316}.Release|Win32.Build.0 = Release|Win32
		{684F913D-4714-42EA-B3DC-802600048316}.Release|x64.ActiveCfg = Release|x64
		{684F913D-4714-42EA-B3DC-802600048316}.Release|x64.Build.0 = Release|x64
		{BA9608A3-AAE5-45B9-874B-15971CA5926F}.Debug|Win32.ActiveCfg = Debug|Win32
		{BA9608A3-AAE5-45B9-874B-15971CA5926F}.Debug|Win32.Build.0 = Debug|Win32
		{BA9608A3-AAE5-45B9-874B-15971CA5926F}.Debug|x64.ActiveCfg = Debug|x64
		{BA9608A3-AAE5-45B9-874B-15971CA5926F}.Debug|x64.Build.0 = Debug|x64
		{BA9608A3-AAE5-45B9-874B-15971CA5926F}.Release|Win32.ActiveCfg = Release|Win32
		{BA9608A3-AAE5-45B9-874B-15971CA5926F}.Release|Win32.Build.0 = Release|Win32
		{BA9608A3-AAE5-45B9-874B-15971CA5926F}.Release|x64.ActiveCfg = Release|x64
		{BA9608A3-AAE5-45B9-874B-15971CA5926F}.Release|x64.Build.0 = Release|x64
		{C01764DF-3690-4D8E-9D3C-F7BE08BAC90B}.Debug|Win32.ActiveCfg = Debug|Win32
		{C01764DF-3690-4D8E-9D3C-F7BE08BAC90B}.Debug|Win32.Build.0 = Debug|Win32
		{C01764DF-3690-4D8E-9D3C-F7BE08BAC90B}.Debug|x64.ActiveCfg = Debug|x64
		{C01764DF-3690-4D8E-9D3C-F7BE08BAC90B}.Debug|x64.Build.0 = Debug|x64
		{C01764DF-3690-4D8E-9D3C-F7BE08BAC90B}.Release|Win32.ActiveCfg = Release|Win32
		{C01764DF-3690-4D8E-9D3C-F7BE08BAC90B}.Release|Win32.Build.0 = Release|Win32
		{C01764DF-3690-4D8E-9D3C-F7BE08BAC90B}.Release|x64.ActiveCfg = Release|x64
		{C01764DF-3690-4D8E-9D3C-F7BE08BAC90B}.Release|x64.Build.0 = Release|x64
		{6DCC9E97-F827-4547-8F63-27D562DF530F}.Debug|Win32.ActiveCfg = Debug|Win32
		{6DCC9E97-F827-4547-8F63-27D562DF530F}.Debug|Win32.Build.0 = Debug|Win32
		{6DCC9E97-F827-4547-8F63-27D562DF530F}.Debug|x64.ActiveCfg = Debug|x64
		{6DCC9E97-F827-4547-8F63-27D562DF530F}.Debug|x64.Build.0 = Debug|x64
		{6DCC9E97-F827-4547-8F63-27D562DF530F}.Release|Win32.ActiveCfg = Release|Win32
		{6DCC9E97-F827-4547-8F63-27D562DF530F}.Release|Win32.Build.0 = Release|Win32
		{6DCC9E97-F827-4547-8F63-27D562DF530F}.Release|x64.ActiveCfg = Release|x64
		{6DCC9E97-F827-4547-8F63-27D562DF530F}.Release|x64.Build.0 = Release|x64
		{0FF38839-DF7A-456C-82D7-CCF87E00C792}.Debug|Win32.ActiveCfg = Debug|Win32
		{0FF38839-DF7A-456C-82D7-CCF87E00C792}.Debug|Win32.Build.0 = Debug|Win32
		{0FF38839-DF7A-456C-82D7-CCF87E00C792}.Debug|x64.ActiveCfg = Debug|Win32
		{0FF38839-DF7A-456C-82D7-CCF87E00C792}.Release|Win32.ActiveCfg = Release|Win32
		{0FF38839-DF7A-456C-82D7-CCF87E00C792}.Release|Win32.Build.0 = Release|Win32
		{0FF38839-DF7A-456C-82D7-CCF87E00C792}.Release|x64.ActiveCfg = Release|Win32
		{6691D1CD-9023-46F4-9213-43D4CB91C961}.Debug|Win32.ActiveCfg = Debug|Win32
		{6691D1CD-9023-46F4-9213-43D4CB91C961}.Debug|Win32.Build.0 = Debug|Win32
		{6691D1CD-9023-46F4-9213-43D4CB91C961}.Debug|x64.ActiveCfg = Debug|Win32
		{6691D1CD-9023-46F4-9213-43D4CB91C961}.Release|Win32.ActiveCfg = Release|Win32
		{6691D1CD-9023-46F4-9213-43D4CB91C961}.Release|Win32.Build.0 = Release|Win32
		{6691D1CD-9023-46F4-9213-43D4CB91C961}.Release|x64.ActiveCfg = Release|Win32
		{9596C2AC-66B0-4F28-807E-7CFF78717560}.Debug|Win32.ActiveCfg = Debug|Win32
		{9596C2AC-66B0-4F28-807E-7CFF78717560}.Debug|Win32.Build.0 = Debug|Win32
		{9596C2AC-66B0-4F28-807E-7CFF78717560}.Debug|x64.ActiveCfg = Debug|Win32
		{9596C2AC-66B0-4F28-807E-7CFF78717560}.Release|Win32.ActiveCfg = Release|Win32
		{9596C2AC-66B0-4F28-807E-7CFF78717560}.Release|Win32.Build.0 = Release|Win32
		{9596C2AC-66B0-4F28-807E-7CFF78717560}.Release|x64.ActiveCfg = Release|Win32
	EndGlobalSection
	GlobalSection(SolutionProperties) = preSolution
		HideSolutionNode = FALSE
	EndGlobalSection
EndGlobal
