<?xml version="1.0" encoding="utf-8"?>
<Project ToolsVersion="4.0" xmlns="http://schemas.microsoft.com/developer/msbuild/2003">
  <ItemGroup>
    <Filter Include="源文件">
      <UniqueIdentifier>{4FC737F1-C7A5-4376-A066-2A32D752A2FF}</UniqueIdentifier>
      <Extensions>cpp;c;cc;cxx;def;odl;idl;hpj;bat;asm;asmx</Extensions>
    </Filter>
    <Filter Include="头文件">
      <UniqueIdentifier>{93995380-89BD-4b04-88EB-625FBE52EBFB}</UniqueIdentifier>
      <Extensions>h;hpp;hxx;hm;inl;inc;xsd</Extensions>
    </Filter>
    <Filter Include="资源文件">
      <UniqueIdentifier>{67DA6AB6-F800-4c08-8B7A-83BB121AAD01}</UniqueIdentifier>
      <Extensions>rc;ico;cur;bmp;dlg;rc2;rct;bin;rgs;gif;jpg;jpeg;jpe;resx;tiff;tif;png;wav</Extensions>
    </Filter>
  </ItemGroup>
  <ItemGroup>
    <ClCompile Include="..\src\adb_auth_host.cpp">
      <Filter>源文件</Filter>
    </ClCompile>
    <ClCompile Include="..\src\adbhost.cpp">
      <Filter>源文件</Filter>
    </ClCompile>
    <ClCompile Include="fastbootflash.cpp">
      <Filter>源文件</Filter>
    </ClCompile>
    <ClCompile Include="..\src\list.cpp">
      <Filter>源文件</Filter>
    </ClCompile>
    <ClCompile Include="..\src\log.cpp">
      <Filter>源文件</Filter>
    </ClCompile>
    <ClCompile Include="mdmfastboot.cpp">
      <Filter>源文件</Filter>
    </ClCompile>
    <ClCompile Include="mdmfastbootDlg.cpp">
      <Filter>源文件</Filter>
    </ClCompile>
    <ClCompile Include="PortStateUI.cpp">
      <Filter>源文件</Filter>
    </ClCompile>
    <ClCompile Include="qcnlib\QcnParser.cpp">
      <Filter>源文件</Filter>
    </ClCompile>
    <ClCompile Include="SettingsDlg.cpp">
      <Filter>源文件</Filter>
    </ClCompile>
    <ClCompile Include="stdafx.cpp">
      <Filter>源文件</Filter>
    </ClCompile>
    <ClCompile Include="..\src\transport_usb.cpp">
      <Filter>源文件</Filter>
    </ClCompile>
    <ClCompile Include="..\src\usb_vendors.cpp">
      <Filter>源文件</Filter>
    </ClCompile>
    <ClCompile Include="..\src\usb_windows.cpp">
      <Filter>源文件</Filter>
    </ClCompile>
    <ClCompile Include="..\src\utils.cpp">
      <Filter>源文件</Filter>
    </ClCompile>
    <ClCompile Include="..\src\saharacmd.cpp">
      <Filter>源文件</Filter>
    </ClCompile>
    <ClCompile Include="..\src\custdata.cpp">
      <Filter>源文件</Filter>
    </ClCompile>
    <ClCompile Include="..\src\diagcmd.cpp">
      <Filter>源文件</Filter>
    </ClCompile>
    <ClCompile Include="..\src\dlprg.cpp">
      <Filter>源文件</Filter>
    </ClCompile>
    <ClCompile Include="..\src\hostdl.cpp">
      <Filter>源文件</Filter>
    </ClCompile>
    <ClCompile Include="..\src\jrddiagcmd.cpp">
      <Filter>源文件</Filter>
    </ClCompile>
    <ClCompile Include="..\src\serialport.cpp">
      <Filter>源文件</Filter>
    </ClCompile>
    <ClCompile Include="..\src\pkt.cpp">
      <Filter>源文件</Filter>
    </ClCompile>
    <ClCompile Include="..\src\device.cpp">
      <Filter>源文件</Filter>
    </ClCompile>
    <ClCompile Include="..\src\scsicmd.cpp">
      <Filter>源文件</Filter>
    </ClCompile>
    <ClCompile Include="..\src\adb_dev_register.cpp">
      <Filter>源文件</Filter>
    </ClCompile>
    <ClCompile Include="DiagPST.cpp">
      <Filter>源文件</Filter>
    </ClCompile>
  </ItemGroup>
  <ItemGroup>
    <ClInclude Include="DlWorker.h">
      <Filter>头文件</Filter>
    </ClInclude>
    <ClInclude Include="fastbootflash.h">
      <Filter>头文件</Filter>
    </ClInclude>
    <ClInclude Include="mdmfastboot.h">
      <Filter>头文件</Filter>
    </ClInclude>
    <ClInclude Include="mdmfastbootDlg.h">
      <Filter>头文件</Filter>
    </ClInclude>
    <ClInclude Include="qcnlib\QcnParser.h">
      <Filter>头文件</Filter>
    </ClInclude>
    <ClInclude Include="Resource.h">
      <Filter>头文件</Filter>
    </ClInclude>
    <ClInclude Include="SettingsDlg.h">
      <Filter>头文件</Filter>
    </ClInclude>
    <ClInclude Include="stdafx.h">
      <Filter>头文件</Filter>
    </ClInclude>
    <ClInclude Include="targetver.h">
      <Filter>头文件</Filter>
    </ClInclude>
    <ClInclude Include="..\src\serialport\serialport.h">
      <Filter>头文件</Filter>
    </ClInclude>
    <ClInclude Include="DiagPST.h">
      <Filter>头文件</Filter>
    </ClInclude>
  </ItemGroup>
  <ItemGroup>
    <None Include="res\mdmfastboot.ico">
      <Filter>资源文件</Filter>
    </None>
    <None Include="res\mdmfastboot.rc2">
      <Filter>资源文件</Filter>
    </None>
    <None Include="ReadMe.txt" />
  </ItemGroup>
  <ItemGroup>
    <ResourceCompile Include="mdmfastboot.rc">
      <Filter>资源文件</Filter>
    </ResourceCompile>
  </ItemGroup>
</Project>