
Microsoft Visual Studio Solution File, Format Version 11.00
# Visual Studio 2010
Project("{8BC9CEB8-8B4A-11D0-8D11-00A0C91BC942}") = "LifeSensorFlashProgrammer", "LifeSensorFlashProgrammer.vcxproj", "{FB811FE2-3233-E1F4-9338-5A07E5EE27CF}"
	ProjectSection(ProjectDependencies) = postProject
		{D2B035F7-66A6-D0A2-984B-904ECCF1DC0F} = {D2B035F7-66A6-D0A2-984B-904ECCF1DC0F}
	EndProjectSection
EndProject
Project("{8BC9CEB8-8B4A-11D0-8D11-00A0C91BC942}") = "programmerlib", "..\ProgrammerLib\ProgrammerLib.vcxproj", "{D2B035F7-66A6-D0A2-984B-904ECCF1DC0F}"
EndProject
Global
	GlobalSection(SolutionConfigurationPlatforms) = preSolution
		Debug|Win32 = Debug|Win32
		Release|Win32 = Release|Win32
	EndGlobalSection
	GlobalSection(ProjectConfigurationPlatforms) = postSolution
		{FB811FE2-3233-E1F4-9338-5A07E5EE27CF}.Debug|Win32.ActiveCfg = Debug|Win32
		{FB811FE2-3233-E1F4-9338-5A07E5EE27CF}.Debug|Win32.Build.0 = Debug|Win32
		{FB811FE2-3233-E1F4-9338-5A07E5EE27CF}.Release|Win32.ActiveCfg = Release|Win32
		{FB811FE2-3233-E1F4-9338-5A07E5EE27CF}.Release|Win32.Build.0 = Release|Win32
		{D2B035F7-66A6-D0A2-984B-904ECCF1DC0F}.Debug|Win32.ActiveCfg = Debug|Win32
		{D2B035F7-66A6-D0A2-984B-904ECCF1DC0F}.Debug|Win32.Build.0 = Debug|Win32
		{D2B035F7-66A6-D0A2-984B-904ECCF1DC0F}.Release|Win32.ActiveCfg = Release|Win32
		{D2B035F7-66A6-D0A2-984B-904ECCF1DC0F}.Release|Win32.Build.0 = Release|Win32
	EndGlobalSection
	GlobalSection(SolutionProperties) = preSolution
		HideSolutionNode = FALSE
	EndGlobalSection
EndGlobal
